
Microsoft Visual Studio Solution File, Format Version 12.00
# Visual Studio Version 16
VisualStudioVersion = 16.0.31911.196
MinimumVisualStudioVersion = 10.0.40219.1
Project("{8BC9CEB8-8B4A-11D0-8D11-00A0C91BC942}") = "auto-chess", "auto-chess\auto-chess.vcxproj", "{AA86C8E2-2E83-41C5-98C6-7A68E38CA08B}"
EndProject
Global
	GlobalSection(SolutionConfigurationPlatforms) = preSolution
		Debug|x64 = Debug|x64
		Debug|x86 = Debug|x86
		Release|x64 = Release|x64
		Release|x86 = Release|x86
	EndGlobalSection
	GlobalSection(ProjectConfigurationPlatforms) = postSolution
		{AA86C8E2-2E83-41C5-98C6-7A68E38CA08B}.Debug|x64.ActiveCfg = Debug|x64
		{AA86C8E2-2E83-41C5-98C6-7A68E38CA08B}.Debug|x64.Build.0 = Debug|x64
		{AA86C8E2-2E83-41C5-98C6-7A68E38CA08B}.Debug|x86.ActiveCfg = Debug|Win32
		{AA86C8E2-2E83-41C5-98C6-7A68E38CA08B}.Debug|x86.Build.0 = Debug|Win32
		{AA86C8E2-2E83-41C5-98C6-7A68E38CA08B}.Release|x64.ActiveCfg = Release|x64
		{AA86C8E2-2E83-41C5-98C6-7A68E38CA08B}.Release|x64.Build.0 = Release|x64
		{AA86C8E2-2E83-41C5-98C6-7A68E38CA08B}.Release|x86.ActiveCfg = Release|Win32
		{AA86C8E2-2E83-41C5-98C6-7A68E38CA08B}.Release|x86.Build.0 = Release|Win32
	EndGlobalSection
	GlobalSection(SolutionProperties) = preSolution
		HideSolutionNode = FALSE
	EndGlobalSection
	GlobalSection(ExtensibilityGlobals) = postSolution
		SolutionGuid = {D7706CCF-5B96-4F7C-8679-5E1C672F0719}
	EndGlobalSection
EndGlobal
